
Microsoft Visual Studio Solution File, Format Version 12.00
# Visual Studio Version 17
VisualStudioVersion = 17.11.35219.272
MinimumVisualStudioVersion = 10.0.40219.1
Project("{9A19103F-16F7-4668-BE54-9A1E7A4F7556}") = "WedMVCDemo", "WedMVCDemo\WedMVCDemo.csproj", "{2CA03A92-F321-480D-A078-20C5963636B4}"
EndProject
Project("{FAE04EC0-301F-11D3-BF4B-00C04F79EFBC}") = "WedMVCDemo.Entities", "WedMVCDemo.Entities\WedMVCDemo.Entities.csproj", "{ABDF33FF-1817-460C-A2B3-80AA044F28A8}"
EndProject
Global
	GlobalSection(SolutionConfigurationPlatforms) = preSolution
		Debug|Any CPU = Debug|Any CPU
		Release|Any CPU = Release|Any CPU
	EndGlobalSection
	GlobalSection(ProjectConfigurationPlatforms) = postSolution
		{2CA03A92-F321-480D-A078-20C5963636B4}.Debug|Any CPU.ActiveCfg = Debug|Any CPU
		{2CA03A92-F321-480D-A078-20C5963636B4}.Debug|Any CPU.Build.0 = Debug|Any CPU
		{2CA03A92-F321-480D-A078-20C5963636B4}.Release|Any CPU.ActiveCfg = Release|Any CPU
		{2CA03A92-F321-480D-A078-20C5963636B4}.Release|Any CPU.Build.0 = Release|Any CPU
		{ABDF33FF-1817-460C-A2B3-80AA044F28A8}.Debug|Any CPU.ActiveCfg = Debug|Any CPU
		{ABDF33FF-1817-460C-A2B3-80AA044F28A8}.Debug|Any CPU.Build.0 = Debug|Any CPU
		{ABDF33FF-1817-460C-A2B3-80AA044F28A8}.Release|Any CPU.ActiveCfg = Release|Any CPU
		{ABDF33FF-1817-460C-A2B3-80AA044F28A8}.Release|Any CPU.Build.0 = Release|Any CPU
	EndGlobalSection
	GlobalSection(SolutionProperties) = preSolution
		HideSolutionNode = FALSE
	EndGlobalSection
	GlobalSection(ExtensibilityGlobals) = postSolution
		SolutionGuid = {8B1B57B1-C9B0-4BE8-822A-BDD96C7B159D}
	EndGlobalSection
EndGlobal
